// !$*UTF8*$!
{
	archiveVersion = 1;
	classes = {
	};
	objectVersion = 46;
	objects = {

/* Begin PBXBuildFile section */
		512FA0101E05591B00DB9B2F /* AppDelegate.swift in Sources */ = {isa = PBXBuildFile; fileRef = 512FA00F1E05591B00DB9B2F /* AppDelegate.swift */; };
		512FA0121E05591B00DB9B2F /* ViewController.swift in Sources */ = {isa = PBXBuildFile; fileRef = 512FA0111E05591B00DB9B2F /* ViewController.swift */; };
		512FA0151E05591B00DB9B2F /* Main.storyboard in Resources */ = {isa = PBXBuildFile; fileRef = 512FA0131E05591B00DB9B2F /* Main.storyboard */; };
		512FA0171E05591B00DB9B2F /* Assets.xcassets in Resources */ = {isa = PBXBuildFile; fileRef = 512FA0161E05591B00DB9B2F /* Assets.xcassets */; };
		512FA01A1E05591B00DB9B2F /* LaunchScreen.storyboard in Resources */ = {isa = PBXBuildFile; fileRef = 512FA0181E05591B00DB9B2F /* LaunchScreen.storyboard */; };
		512FA0251E05591B00DB9B2F /* FirstAppTests.swift in Sources */ = {isa = PBXBuildFile; fileRef = 512FA0241E05591B00DB9B2F /* FirstAppTests.swift */; };
		512FA0301E05591B00DB9B2F /* FirstAppUITests.swift in Sources */ = {isa = PBXBuildFile; fileRef = 512FA02F1E05591B00DB9B2F /* FirstAppUITests.swift */; };
/* End PBXBuildFile section */

/* Begin PBXContainerItemProxy section */
		512FA0211E05591B00DB9B2F /* PBXContainerItemProxy */ = {
			isa = PBXContainerItemProxy;
			containerPortal = 512FA0041E05591A00DB9B2F /* Project object */;
			proxyType = 1;
			remoteGlobalIDString = 512FA00B1E05591B00DB9B2F;
			remoteInfo = FirstApp;
		};
		512FA02C1E05591B00DB9B2F /* PBXContainerItemProxy */ = {
			isa = PBXContainerItemProxy;
			containerPortal = 512FA0041E05591A00DB9B2F /* Project object */;
			proxyType = 1;
			remoteGlobalIDString = 512FA00B1E05591B00DB9B2F;
			remoteInfo = FirstApp;
		};
/* End PBXContainerItemProxy section */

/* Begin PBXFileReference section */
		512FA00C1E05591B00DB9B2F /* FirstApp.app */ = {isa = PBXFileReference; explicitFileType = wrapper.application; includeInIndex = 0; path = FirstApp.app; sourceTree = BUILT_PRODUCTS_DIR; };
		512FA00F1E05591B00DB9B2F /* AppDelegate.swift */ = {isa = PBXFileReference; lastKnownFileType = sourcecode.swift; path = AppDelegate.swift; sourceTree = "<group>"; };
		512FA0111E05591B00DB9B2F /* ViewController.swift */ = {isa = PBXFileReference; lastKnownFileType = sourcecode.swift; path = ViewController.swift; sourceTree = "<group>"; };
		512FA0141E05591B00DB9B2F /* Base */ = {isa = PBXFileReference; lastKnownFileType = file.storyboard; name = Base; path = Base.lproj/Main.storyboard; sourceTree = "<group>"; };
		512FA0161E05591B00DB9B2F /* Assets.xcassets */ = {isa = PBXFileReference; lastKnownFileType = folder.assetcatalog; path = Assets.xcassets; sourceTree = "<group>"; };
		512FA0191E05591B00DB9B2F /* Base */ = {isa = PBXFileReference; lastKnownFileType = file.storyboard; name = Base; path = Base.lproj/LaunchScreen.storyboard; sourceTree = "<group>"; };
		512FA01B1E05591B00DB9B2F /* Info.plist */ = {isa = PBXFileReference; lastKnownFileType = text.plist.xml; path = Info.plist; sourceTree = "<group>"; };
		512FA0201E05591B00DB9B2F /* FirstAppTests.xctest */ = {isa = PBXFileReference; explicitFileType = wrapper.cfbundle; includeInIndex = 0; path = FirstAppTests.xctest; sourceTree = BUILT_PRODUCTS_DIR; };
		512FA0241E05591B00DB9B2F /* FirstAppTests.swift */ = {isa = PBXFileReference; lastKnownFileType = sourcecode.swift; path = FirstAppTests.swift; sourceTree = "<group>"; };
		512FA0261E05591B00DB9B2F /* Info.plist */ = {isa = PBXFileReference; lastKnownFileType = text.plist.xml; path = Info.plist; sourceTree = "<group>"; };
		512FA02B1E05591B00DB9B2F /* FirstAppUITests.xctest */ = {isa = PBXFileReference; explicitFileType = wrapper.cfbundle; includeInIndex = 0; path = FirstAppUITests.xctest; sourceTree = BUILT_PRODUCTS_DIR; };
		512FA02F1E05591B00DB9B2F /* FirstAppUITests.swift */ = {isa = PBXFileReference; lastKnownFileType = sourcecode.swift; path = FirstAppUITests.swift; sourceTree = "<group>"; };
		512FA0311E05591B00DB9B2F /* Info.plist */ = {isa = PBXFileReference; lastKnownFileType = text.plist.xml; path = Info.plist; sourceTree = "<group>"; };
/* End PBXFileReference section */

/* Begin PBXFrameworksBuildPhase section */
		512FA0091E05591B00DB9B2F /* Frameworks */ = {
			isa = PBXFrameworksBuildPhase;
			buildActionMask = 2147483647;
			files = (
			);
			runOnlyForDeploymentPostprocessing = 0;
		};
		512FA01D1E05591B00DB9B2F /* Frameworks */ = {
			isa = PBXFrameworksBuildPhase;
			buildActionMask = 2147483647;
			files = (
			);
			runOnlyForDeploymentPostprocessing = 0;
		};
		512FA0281E05591B00DB9B2F /* Frameworks */ = {
			isa = PBXFrameworksBuildPhase;
			buildActionMask = 2147483647;
			files = (
			);
			runOnlyForDeploymentPostprocessing = 0;
		};
/* End PBXFrameworksBuildPhase section */

/* Begin PBXGroup section */
		512FA0031E05591A00DB9B2F = {
			isa = PBXGroup;
			children = (
				512FA00E1E05591B00DB9B2F /* FirstApp */,
				512FA0231E05591B00DB9B2F /* FirstAppTests */,
				512FA02E1E05591B00DB9B2F /* FirstAppUITests */,
				512FA00D1E05591B00DB9B2F /* Products */,
			);
			sourceTree = "<group>";
		};
		512FA00D1E05591B00DB9B2F /* Products */ = {
			isa = PBXGroup;
			children = (
				512FA00C1E05591B00DB9B2F /* FirstApp.app */,
				512FA0201E05591B00DB9B2F /* FirstAppTests.xctest */,
				512FA02B1E05591B00DB9B2F /* FirstAppUITests.xctest */,
			);
			name = Products;
			sourceTree = "<group>";
		};
		512FA00E1E05591B00DB9B2F /* FirstApp */ = {
			isa = PBXGroup;
			children = (
				512FA00F1E05591B00DB9B2F /* AppDelegate.swift */,
				512FA0111E05591B00DB9B2F /* ViewController.swift */,
				512FA0131E05591B00DB9B2F /* Main.storyboard */,
				512FA0161E05591B00DB9B2F /* Assets.xcassets */,
				512FA0181E05591B00DB9B2F /* LaunchScreen.storyboard */,
				512FA01B1E05591B00DB9B2F /* Info.plist */,
			);
			path = FirstApp;
			sourceTree = "<group>";
		};
		512FA0231E05591B00DB9B2F /* FirstAppTests */ = {
			isa = PBXGroup;
			children = (
				512FA0241E05591B00DB9B2F /* FirstAppTests.swift */,
				512FA0261E05591B00DB9B2F /* Info.plist */,
			);
			path = FirstAppTests;
			sourceTree = "<group>";
		};
		512FA02E1E05591B00DB9B2F /* FirstAppUITests */ = {
			isa = PBXGroup;
			children = (
				512FA02F1E05591B00DB9B2F /* FirstAppUITests.swift */,
				512FA0311E05591B00DB9B2F /* Info.plist */,
			);
			path = FirstAppUITests;
			sourceTree = "<group>";
		};
/* End PBXGroup section */

/* Begin PBXNativeTarget section */
		512FA00B1E05591B00DB9B2F /* FirstApp */ = {
			isa = PBXNativeTarget;
			buildConfigurationList = 512FA0341E05591B00DB9B2F /* Build configuration list for PBXNativeTarget "FirstApp" */;
			buildPhases = (
				512FA0081E05591B00DB9B2F /* Sources */,
				512FA0091E05591B00DB9B2F /* Frameworks */,
				512FA00A1E05591B00DB9B2F /* Resources */,
			);
			buildRules = (
			);
			dependencies = (
			);
			name = FirstApp;
			productName = FirstApp;
			productReference = 512FA00C1E05591B00DB9B2F /* FirstApp.app */;
			productType = "com.apple.product-type.application";
		};
		512FA01F1E05591B00DB9B2F /* FirstAppTests */ = {
			isa = PBXNativeTarget;
			buildConfigurationList = 512FA0371E05591B00DB9B2F /* Build configuration list for PBXNativeTarget "FirstAppTests" */;
			buildPhases = (
				512FA01C1E05591B00DB9B2F /* Sources */,
				512FA01D1E05591B00DB9B2F /* Frameworks */,
				512FA01E1E05591B00DB9B2F /* Resources */,
			);
			buildRules = (
			);
			dependencies = (
				512FA0221E05591B00DB9B2F /* PBXTargetDependency */,
			);
			name = FirstAppTests;
			productName = FirstAppTests;
			productReference = 512FA0201E05591B00DB9B2F /* FirstAppTests.xctest */;
			productType = "com.apple.product-type.bundle.unit-test";
		};
		512FA02A1E05591B00DB9B2F /* FirstAppUITests */ = {
			isa = PBXNativeTarget;
			buildConfigurationList = 512FA03A1E05591B00DB9B2F /* Build configuration list for PBXNativeTarget "FirstAppUITests" */;
			buildPhases = (
				512FA0271E05591B00DB9B2F /* Sources */,
				512FA0281E05591B00DB9B2F /* Frameworks */,
				512FA0291E05591B00DB9B2F /* Resources */,
			);
			buildRules = (
			);
			dependencies = (
				512FA02D1E05591B00DB9B2F /* PBXTargetDependency */,
			);
			name = FirstAppUITests;
			productName = FirstAppUITests;
			productReference = 512FA02B1E05591B00DB9B2F /* FirstAppUITests.xctest */;
			productType = "com.apple.product-type.bundle.ui-testing";
		};
/* End PBXNativeTarget section */

/* Begin PBXProject section */
		512FA0041E05591A00DB9B2F /* Project object */ = {
			isa = PBXProject;
			attributes = {
				LastSwiftUpdateCheck = 0820;
				LastUpgradeCheck = 0820;
				ORGANIZATIONNAME = qr0w;
				TargetAttributes = {
					512FA00B1E05591B00DB9B2F = {
						CreatedOnToolsVersion = 8.2;
						DevelopmentTeam = S4U3445R44;
						ProvisioningStyle = Automatic;
					};
					512FA01F1E05591B00DB9B2F = {
						CreatedOnToolsVersion = 8.2;
						DevelopmentTeam = S4U3445R44;
						ProvisioningStyle = Automatic;
						TestTargetID = 512FA00B1E05591B00DB9B2F;
					};
					512FA02A1E05591B00DB9B2F = {
						CreatedOnToolsVersion = 8.2;
						DevelopmentTeam = S4U3445R44;
						ProvisioningStyle = Automatic;
						TestTargetID = 512FA00B1E05591B00DB9B2F;
					};
				};
			};
			buildConfigurationList = 512FA0071E05591B00DB9B2F /* Build configuration list for PBXProject "FirstApp" */;
			compatibilityVersion = "Xcode 3.2";
			developmentRegion = English;
			hasScannedForEncodings = 0;
			knownRegions = (
				en,
				Base,
			);
			mainGroup = 512FA0031E05591A00DB9B2F;
			productRefGroup = 512FA00D1E05591B00DB9B2F /* Products */;
			projectDirPath = "";
			projectRoot = "";
			targets = (
				512FA00B1E05591B00DB9B2F /* FirstApp */,
				512FA01F1E05591B00DB9B2F /* FirstAppTests */,
				512FA02A1E05591B00DB9B2F /* FirstAppUITests */,
			);
		};
/* End PBXProject section */

/* Begin PBXResourcesBuildPhase section */
		512FA00A1E05591B00DB9B2F /* Resources */ = {
			isa = PBXResourcesBuildPhase;
			buildActionMask = 2147483647;
			files = (
				512FA01A1E05591B00DB9B2F /* LaunchScreen.storyboard in Resources */,
				512FA0171E05591B00DB9B2F /* Assets.xcassets in Resources */,
				512FA0151E05591B00DB9B2F /* Main.storyboard in Resources */,
			);
			runOnlyForDeploymentPostprocessing = 0;
		};
		512FA01E1E05591B00DB9B2F /* Resources */ = {
			isa = PBXResourcesBuildPhase;
			buildActionMask = 2147483647;
			files = (
			);
			runOnlyForDeploymentPostprocessing = 0;
		};
		512FA0291E05591B00DB9B2F /* Resources */ = {
			isa = PBXResourcesBuildPhase;
			buildActionMask = 2147483647;
			files = (
			);
			runOnlyForDeploymentPostprocessing = 0;
		};
/* End PBXResourcesBuildPhase section */

/* Begin PBXSourcesBuildPhase section */
		512FA0081E05591B00DB9B2F /* Sources */ = {
			isa = PBXSourcesBuildPhase;
			buildActionMask = 2147483647;
			files = (
				512FA0121E05591B00DB9B2F /* ViewController.swift in Sources */,
				512FA0101E05591B00DB9B2F /* AppDelegate.swift in Sources */,
			);
			runOnlyForDeploymentPostprocessing = 0;
		};
		512FA01C1E05591B00DB9B2F /* Sources */ = {
			isa = PBXSourcesBuildPhase;
			buildActionMask = 2147483647;
			files = (
				512FA0251E05591B00DB9B2F /* FirstAppTests.swift in Sources */,
			);
			runOnlyForDeploymentPostprocessing = 0;
		};
		512FA0271E05591B00DB9B2F /* Sources */ = {
			isa = PBXSourcesBuildPhase;
			buildActionMask = 2147483647;
			files = (
				512FA0301E05591B00DB9B2F /* FirstAppUITests.swift in Sources */,
			);
			runOnlyForDeploymentPostprocessing = 0;
		};
/* End PBXSourcesBuildPhase section */

/* Begin PBXTargetDependency section */
		512FA0221E05591B00DB9B2F /* PBXTargetDependency */ = {
			isa = PBXTargetDependency;
			target = 512FA00B1E05591B00DB9B2F /* FirstApp */;
			targetProxy = 512FA0211E05591B00DB9B2F /* PBXContainerItemProxy */;
		};
		512FA02D1E05591B00DB9B2F /* PBXTargetDependency */ = {
			isa = PBXTargetDependency;
			target = 512FA00B1E05591B00DB9B2F /* FirstApp */;
			targetProxy = 512FA02C1E05591B00DB9B2F /* PBXContainerItemProxy */;
		};
/* End PBXTargetDependency section */

/* Begin PBXVariantGroup section */
		512FA0131E05591B00DB9B2F /* Main.storyboard */ = {
			isa = PBXVariantGroup;
			children = (
				512FA0141E05591B00DB9B2F /* Base */,
			);
			name = Main.storyboard;
			sourceTree = "<group>";
		};
		512FA0181E05591B00DB9B2F /* LaunchScreen.storyboard */ = {
			isa = PBXVariantGroup;
			children = (
				512FA0191E05591B00DB9B2F /* Base */,
			);
			name = LaunchScreen.storyboard;
			sourceTree = "<group>";
		};
/* End PBXVariantGroup section */

/* Begin XCBuildConfiguration section */
		512FA0321E05591B00DB9B2F /* Debug */ = {
			isa = XCBuildConfiguration;
			buildSettings = {
				ALWAYS_SEARCH_USER_PATHS = NO;
				CLANG_ANALYZER_NONNULL = YES;
				CLANG_CXX_LANGUAGE_STANDARD = "gnu++0x";
				CLANG_CXX_LIBRARY = "libc++";
				CLANG_ENABLE_MODULES = YES;
				CLANG_ENABLE_OBJC_ARC = YES;
				CLANG_WARN_BOOL_CONVERSION = YES;
				CLANG_WARN_CONSTANT_CONVERSION = YES;
				CLANG_WARN_DIRECT_OBJC_ISA_USAGE = YES_ERROR;
				CLANG_WARN_DOCUMENTATION_COMMENTS = YES;
				CLANG_WARN_EMPTY_BODY = YES;
				CLANG_WARN_ENUM_CONVERSION = YES;
				CLANG_WARN_INFINITE_RECURSION = YES;
				CLANG_WARN_INT_CONVERSION = YES;
				CLANG_WARN_OBJC_ROOT_CLASS = YES_ERROR;
				CLANG_WARN_SUSPICIOUS_MOVE = YES;
				CLANG_WARN_UNREACHABLE_CODE = YES;
				CLANG_WARN__DUPLICATE_METHOD_MATCH = YES;
				"CODE_SIGN_IDENTITY[sdk=iphoneos*]" = "iPhone Developer";
				COPY_PHASE_STRIP = NO;
				DEBUG_INFORMATION_FORMAT = dwarf;
				ENABLE_STRICT_OBJC_MSGSEND = YES;
				ENABLE_TESTABILITY = YES;
				GCC_C_LANGUAGE_STANDARD = gnu99;
				GCC_DYNAMIC_NO_PIC = NO;
				GCC_NO_COMMON_BLOCKS = YES;
				GCC_OPTIMIZATION_LEVEL = 0;
				GCC_PREPROCESSOR_DEFINITIONS = (
					"DEBUG=1",
					"$(inherited)",
				);
				GCC_WARN_64_TO_32_BIT_CONVERSION = YES;
				GCC_WARN_ABOUT_RETURN_TYPE = YES_ERROR;
				GCC_WARN_UNDECLARED_SELECTOR = YES;
				GCC_WARN_UNINITIALIZED_AUTOS = YES_AGGRESSIVE;
				GCC_WARN_UNUSED_FUNCTION = YES;
				GCC_WARN_UNUSED_VARIABLE = YES;
				IPHONEOS_DEPLOYMENT_TARGET = 10.2;
				MTL_ENABLE_DEBUG_INFO = YES;
				ONLY_ACTIVE_ARCH = YES;
				SDKROOT = iphoneos;
				SWIFT_ACTIVE_COMPILATION_CONDITIONS = DEBUG;
				SWIFT_OPTIMIZATION_LEVEL = "-Onone";
			};
			name = Debug;
		};
		512FA0331E05591B00DB9B2F /* Release */ = {
			isa = XCBuildConfiguration;
			buildSettings = {
				ALWAYS_SEARCH_USER_PATHS = NO;
				CLANG_ANALYZER_NONNULL = YES;
				CLANG_CXX_LANGUAGE_STANDARD = "gnu++0x";
				CLANG_CXX_LIBRARY = "libc++";
				CLANG_ENABLE_MODULES = YES;
				CLANG_ENABLE_OBJC_ARC = YES;
				CLANG_WARN_BOOL_CONVERSION = YES;
				CLANG_WARN_CONSTANT_CONVERSION = YES;
				CLANG_WARN_DIRECT_OBJC_ISA_USAGE = YES_ERROR;
				CLANG_WARN_DOCUMENTATION_COMMENTS = YES;
				CLANG_WARN_EMPTY_BODY = YES;
				CLANG_WARN_ENUM_CONVERSION = YES;
				CLANG_WARN_INFINITE_RECURSION = YES;
				CLANG_WARN_INT_CONVERSION = YES;
				CLANG_WARN_OBJC_ROOT_CLASS = YES_ERROR;
				CLANG_WARN_SUSPICIOUS_MOVE = YES;
				CLANG_WARN_UNREACHABLE_CODE = YES;
				CLANG_WARN__DUPLICATE_METHOD_MATCH = YES;
				"CODE_SIGN_IDENTITY[sdk=iphoneos*]" = "iPhone Developer";
				COPY_PHASE_STRIP = NO;
				DEBUG_INFORMATION_FORMAT = "dwarf-with-dsym";
				ENABLE_NS_ASSERTIONS = NO;
				ENABLE_STRICT_OBJC_MSGSEND = YES;
				GCC_C_LANGUAGE_STANDARD = gnu99;
				GCC_NO_COMMON_BLOCKS = YES;
				GCC_WARN_64_TO_32_BIT_CONVERSION = YES;
				GCC_WARN_ABOUT_RETURN_TYPE = YES_ERROR;
				GCC_WARN_UNDECLARED_SELECTOR = YES;
				GCC_WARN_UNINITIALIZED_AUTOS = YES_AGGRESSIVE;
				GCC_WARN_UNUSED_FUNCTION = YES;
				GCC_WARN_UNUSED_VARIABLE = YES;
				IPHONEOS_DEPLOYMENT_TARGET = 10.2;
				MTL_ENABLE_DEBUG_INFO = NO;
				SDKROOT = iphoneos;
				SWIFT_OPTIMIZATION_LEVEL = "-Owholemodule";
				VALIDATE_PRODUCT = YES;
			};
			name = Release;
		};
		512FA0351E05591B00DB9B2F /* Debug */ = {
			isa = XCBuildConfiguration;
			buildSettings = {
				ASSETCATALOG_COMPILER_APPICON_NAME = AppIcon;
				DEVELOPMENT_TEAM = S4U3445R44;
				INFOPLIST_FILE = FirstApp/Info.plist;
				LD_RUNPATH_SEARCH_PATHS = "$(inherited) @executable_path/Frameworks";
				PRODUCT_BUNDLE_IDENTIFIER = qr0w.FirstApp;
				PRODUCT_NAME = "$(TARGET_NAME)";
				SWIFT_VERSION = 3.0;
			};
			name = Debug;
		};
		512FA0361E05591B00DB9B2F /* Release */ = {
			isa = XCBuildConfiguration;
			buildSettings = {
				ASSETCATALOG_COMPILER_APPICON_NAME = AppIcon;
				DEVELOPMENT_TEAM = S4U3445R44;
				INFOPLIST_FILE = FirstApp/Info.plist;
				LD_RUNPATH_SEARCH_PATHS = "$(inherited) @executable_path/Frameworks";
				PRODUCT_BUNDLE_IDENTIFIER = qr0w.FirstApp;
				PRODUCT_NAME = "$(TARGET_NAME)";
				SWIFT_VERSION = 3.0;
			};
			name = Release;
		};
		512FA0381E05591B00DB9B2F /* Debug */ = {
			isa = XCBuildConfiguration;
			buildSettings = {
				ALWAYS_EMBED_SWIFT_STANDARD_LIBRARIES = YES;
				BUNDLE_LOADER = "$(TEST_HOST)";
				DEVELOPMENT_TEAM = S4U3445R44;
				INFOPLIST_FILE = FirstAppTests/Info.plist;
				LD_RUNPATH_SEARCH_PATHS = "$(inherited) @executable_path/Frameworks @loader_path/Frameworks";
				PRODUCT_BUNDLE_IDENTIFIER = qr0w.FirstAppTests;
				PRODUCT_NAME = "$(TARGET_NAME)";
				SWIFT_VERSION = 3.0;
				TEST_HOST = "$(BUILT_PRODUCTS_DIR)/FirstApp.app/FirstApp";
			};
			name = Debug;
		};
		512FA0391E05591B00DB9B2F /* Release */ = {
			isa = XCBuildConfiguration;
			buildSettings = {
				ALWAYS_EMBED_SWIFT_STANDARD_LIBRARIES = YES;
				BUNDLE_LOADER = "$(TEST_HOST)";
				DEVELOPMENT_TEAM = S4U3445R44;
				INFOPLIST_FILE = FirstAppTests/Info.plist;
				LD_RUNPATH_SEARCH_PATHS = "$(inherited) @executable_path/Frameworks @loader_path/Frameworks";
				PRODUCT_BUNDLE_IDENTIFIER = qr0w.FirstAppTests;
				PRODUCT_NAME = "$(TARGET_NAME)";
				SWIFT_VERSION = 3.0;
				TEST_HOST = "$(BUILT_PRODUCTS_DIR)/FirstApp.app/FirstApp";
			};
			name = Release;
		};
		512FA03B1E05591B00DB9B2F /* Debug */ = {
			isa = XCBuildConfiguration;
			buildSettings = {
				ALWAYS_EMBED_SWIFT_STANDARD_LIBRARIES = YES;
				DEVELOPMENT_TEAM = S4U3445R44;
				INFOPLIST_FILE = FirstAppUITests/Info.plist;
				LD_RUNPATH_SEARCH_PATHS = "$(inherited) @executable_path/Frameworks @loader_path/Frameworks";
				PRODUCT_BUNDLE_IDENTIFIER = qr0w.FirstAppUITests;
				PRODUCT_NAME = "$(TARGET_NAME)";
				SWIFT_VERSION = 3.0;
				TEST_TARGET_NAME = FirstApp;
			};
			name = Debug;
		};
		512FA03C1E05591B00DB9B2F /* Release */ = {
			isa = XCBuildConfiguration;
			buildSettings = {
				ALWAYS_EMBED_SWIFT_STANDARD_LIBRARIES = YES;
				DEVELOPMENT_TEAM = S4U3445R44;
				INFOPLIST_FILE = FirstAppUITests/Info.plist;
				LD_RUNPATH_SEARCH_PATHS = "$(inherited) @executable_path/Frameworks @loader_path/Frameworks";
				PRODUCT_BUNDLE_IDENTIFIER = qr0w.FirstAppUITests;
				PRODUCT_NAME = "$(TARGET_NAME)";
				SWIFT_VERSION = 3.0;
				TEST_TARGET_NAME = FirstApp;
			};
			name = Release;
		};
/* End XCBuildConfiguration section */

/* Begin XCConfigurationList section */
		512FA0071E05591B00DB9B2F /* Build configuration list for PBXProject "FirstApp" */ = {
			isa = XCConfigurationList;
			buildConfigurations = (
				512FA0321E05591B00DB9B2F /* Debug */,
				512FA0331E05591B00DB9B2F /* Release */,
			);
			defaultConfigurationIsVisible = 0;
			defaultConfigurationName = Release;
		};
		512FA0341E05591B00DB9B2F /* Build configuration list for PBXNativeTarget "FirstApp" */ = {
			isa = XCConfigurationList;
			buildConfigurations = (
				512FA0351E05591B00DB9B2F /* Debug */,
				512FA0361E05591B00DB9B2F /* Release */,
			);
			defaultConfigurationIsVisible = 0;
		};
		512FA0371E05591B00DB9B2F /* Build configuration list for PBXNativeTarget "FirstAppTests" */ = {
			isa = XCConfigurationList;
			buildConfigurations = (
				512FA0381E05591B00DB9B2F /* Debug */,
				512FA0391E05591B00DB9B2F /* Release */,
			);
			defaultConfigurationIsVisible = 0;
		};
		512FA03A1E05591B00DB9B2F /* Build configuration list for PBXNativeTarget "FirstAppUITests" */ = {
			isa = XCConfigurationList;
			buildConfigurations = (
				512FA03B1E05591B00DB9B2F /* Debug */,
				512FA03C1E05591B00DB9B2F /* Release */,
			);
			defaultConfigurationIsVisible = 0;
		};
/* End XCConfigurationList section */
	};
	rootObject = 512FA0041E05591A00DB9B2F /* Project object */;
}
